{
  "version": 4,
  "terraform_version": "1.2.3",
  "serial": 32,
  "lineage": "4ddd6f27-d5b4-bd65-ef23-f03b50e1c7bc",
  "outputs": {},
  "resources": [
    {
      "mode": "managed",
      "type": "azurerm_linux_virtual_machine",
      "name": "webvm",
      "provider": "provider[\"registry.terraform.io/hashicorp/azurerm\"]",
      "instances": []
    },
    {
      "mode": "managed",
      "type": "azurerm_public_ip",
      "name": "vinayakapublicip",
      "provider": "provider[\"registry.terraform.io/hashicorp/azurerm\"]",
      "instances": [
        {
          "schema_version": 0,
          "attributes": {
            "allocation_method": "Static",
            "domain_name_label": null,
            "edge_zone": "",
            "fqdn": null,
            "id": "/subscriptions/1d04f666-8de6-473d-8023-68f0396f8187/resourceGroups/vinayaka/providers/Microsoft.Network/publicIPAddresses/iacpublicip",
            "idle_timeout_in_minutes": 4,
            "ip_address": "20.213.115.102",
            "ip_tags": {},
            "ip_version": "IPv4",
            "location": "australiaeast",
            "name": "iacpublicip",
            "public_ip_prefix_id": null,
            "resource_group_name": "vinayaka",
            "reverse_fqdn": null,
            "sku": "Basic",
            "sku_tier": "Regional",
            "tags": {},
            "timeouts": null,
            "zones": []
          },
          "sensitive_attributes": [],
          "private": "eyJlMmJmYjczMC1lY2FhLTExZTYtOGY4OC0zNDM2M2JjN2M0YzAiOnsiY3JlYXRlIjoxODAwMDAwMDAwMDAwLCJkZWxldGUiOjE4MDAwMDAwMDAwMDAsInJlYWQiOjMwMDAwMDAwMDAwMCwidXBkYXRlIjoxODAwMDAwMDAwMDAwfX0=",
          "dependencies": [
            "azurerm_resource_group.manikanta1"
          ]
        }
      ]
    },
    {
      "mode": "managed",
      "type": "azurerm_resource_group",
      "name": "manikanta1",
      "provider": "provider[\"registry.terraform.io/hashicorp/azurerm\"]",
      "instances": [
        {
          "schema_version": 0,
          "attributes": {
            "id": "/subscriptions/1d04f666-8de6-473d-8023-68f0396f8187/resourceGroups/vinayaka",
            "location": "australiaeast",
            "name": "vinayaka",
            "tags": {},
            "timeouts": null
          },
          "sensitive_attributes": [],
          "private": "eyJlMmJmYjczMC1lY2FhLTExZTYtOGY4OC0zNDM2M2JjN2M0YzAiOnsiY3JlYXRlIjo1NDAwMDAwMDAwMDAwLCJkZWxldGUiOjU0MDAwMDAwMDAwMDAsInJlYWQiOjMwMDAwMDAwMDAwMCwidXBkYXRlIjo1NDAwMDAwMDAwMDAwfX0="
        }
      ]
    },
    {
      "mode": "managed",
      "type": "azurerm_subnet",
      "name": "appsubnet",
      "provider": "provider[\"registry.terraform.io/hashicorp/azurerm\"]",
      "instances": [
        {
          "schema_version": 0,
          "attributes": {
            "address_prefixes": [
              "10.60.2.0/24"
            ],
            "delegation": [],
            "enforce_private_link_endpoint_network_policies": false,
            "enforce_private_link_service_network_policies": false,
            "id": "/subscriptions/1d04f666-8de6-473d-8023-68f0396f8187/resourceGroups/vinayaka/providers/Microsoft.Network/virtualNetworks/vnet1/subnets/naniappsubnet",
            "name": "naniappsubnet",
            "resource_group_name": "vinayaka",
            "service_endpoint_policy_ids": [],
            "service_endpoints": [],
            "timeouts": null,
            "virtual_network_name": "vnet1"
          },
          "sensitive_attributes": [],
          "private": "eyJlMmJmYjczMC1lY2FhLTExZTYtOGY4OC0zNDM2M2JjN2M0YzAiOnsiY3JlYXRlIjoxODAwMDAwMDAwMDAwLCJkZWxldGUiOjE4MDAwMDAwMDAwMDAsInJlYWQiOjMwMDAwMDAwMDAwMCwidXBkYXRlIjoxODAwMDAwMDAwMDAwfX0=",
          "dependencies": [
            "azurerm_resource_group.manikanta1",
            "azurerm_virtual_network.vinyaka123"
          ]
        }
      ]
    },
    {
      "mode": "managed",
      "type": "azurerm_subnet",
      "name": "subnet",
      "provider": "provider[\"registry.terraform.io/hashicorp/azurerm\"]",
      "instances": [
        {
          "schema_version": 0,
          "attributes": {
            "address_prefixes": [
              "10.60.3.0/24"
            ],
            "delegation": [],
            "enforce_private_link_endpoint_network_policies": false,
            "enforce_private_link_service_network_policies": false,
            "id": "/subscriptions/1d04f666-8de6-473d-8023-68f0396f8187/resourceGroups/vinayaka/providers/Microsoft.Network/virtualNetworks/vnet1/subnets/nanidbsubnet",
            "name": "nanidbsubnet",
            "resource_group_name": "vinayaka",
            "service_endpoint_policy_ids": [],
            "service_endpoints": [],
            "timeouts": null,
            "virtual_network_name": "vnet1"
          },
          "sensitive_attributes": [],
          "private": "eyJlMmJmYjczMC1lY2FhLTExZTYtOGY4OC0zNDM2M2JjN2M0YzAiOnsiY3JlYXRlIjoxODAwMDAwMDAwMDAwLCJkZWxldGUiOjE4MDAwMDAwMDAwMDAsInJlYWQiOjMwMDAwMDAwMDAwMCwidXBkYXRlIjoxODAwMDAwMDAwMDAwfX0=",
          "dependencies": [
            "azurerm_resource_group.manikanta1",
            "azurerm_virtual_network.vinyaka123"
          ]
        }
      ]
    },
    {
      "mode": "managed",
      "type": "azurerm_subnet",
      "name": "websubnet",
      "provider": "provider[\"registry.terraform.io/hashicorp/azurerm\"]",
      "instances": [
        {
          "schema_version": 0,
          "attributes": {
            "address_prefixes": [
              "10.60.1.0/24"
            ],
            "delegation": [],
            "enforce_private_link_endpoint_network_policies": false,
            "enforce_private_link_service_network_policies": false,
            "id": "/subscriptions/1d04f666-8de6-473d-8023-68f0396f8187/resourceGroups/vinayaka/providers/Microsoft.Network/virtualNetworks/vnet1/subnets/naniwebsubnet",
            "name": "naniwebsubnet",
            "resource_group_name": "vinayaka",
            "service_endpoint_policy_ids": [],
            "service_endpoints": [],
            "timeouts": null,
            "virtual_network_name": "vnet1"
          },
          "sensitive_attributes": [],
          "private": "eyJlMmJmYjczMC1lY2FhLTExZTYtOGY4OC0zNDM2M2JjN2M0YzAiOnsiY3JlYXRlIjoxODAwMDAwMDAwMDAwLCJkZWxldGUiOjE4MDAwMDAwMDAwMDAsInJlYWQiOjMwMDAwMDAwMDAwMCwidXBkYXRlIjoxODAwMDAwMDAwMDAwfX0=",
          "dependencies": [
            "azurerm_resource_group.manikanta1",
            "azurerm_virtual_network.vinyaka123"
          ]
        }
      ]
    },
    {
      "mode": "managed",
      "type": "azurerm_virtual_network",
      "name": "vinyaka123",
      "provider": "provider[\"registry.terraform.io/hashicorp/azurerm\"]",
      "instances": [
        {
          "schema_version": 0,
          "attributes": {
            "address_space": [
              "10.60.0.0/16"
            ],
            "bgp_community": "",
            "ddos_protection_plan": [],
            "dns_servers": [],
            "edge_zone": "",
            "flow_timeout_in_minutes": 0,
            "guid": "c1604cfb-98e9-42cd-8047-6748f0b07e54",
            "id": "/subscriptions/1d04f666-8de6-473d-8023-68f0396f8187/resourceGroups/vinayaka/providers/Microsoft.Network/virtualNetworks/vnet1",
            "location": "australiaeast",
            "name": "vnet1",
            "resource_group_name": "vinayaka",
            "subnet": [
              {
                "address_prefix": "10.60.1.0/24",
                "id": "/subscriptions/1d04f666-8de6-473d-8023-68f0396f8187/resourceGroups/vinayaka/providers/Microsoft.Network/virtualNetworks/vnet1/subnets/naniwebsubnet",
                "name": "naniwebsubnet",
                "security_group": ""
              },
              {
                "address_prefix": "10.60.2.0/24",
                "id": "/subscriptions/1d04f666-8de6-473d-8023-68f0396f8187/resourceGroups/vinayaka/providers/Microsoft.Network/virtualNetworks/vnet1/subnets/naniappsubnet",
                "name": "naniappsubnet",
                "security_group": ""
              },
              {
                "address_prefix": "10.60.3.0/24",
                "id": "/subscriptions/1d04f666-8de6-473d-8023-68f0396f8187/resourceGroups/vinayaka/providers/Microsoft.Network/virtualNetworks/vnet1/subnets/nanidbsubnet",
                "name": "nanidbsubnet",
                "security_group": ""
              }
            ],
            "tags": {},
            "timeouts": null
          },
          "sensitive_attributes": [],
          "private": "eyJlMmJmYjczMC1lY2FhLTExZTYtOGY4OC0zNDM2M2JjN2M0YzAiOnsiY3JlYXRlIjoxODAwMDAwMDAwMDAwLCJkZWxldGUiOjE4MDAwMDAwMDAwMDAsInJlYWQiOjMwMDAwMDAwMDAwMCwidXBkYXRlIjoxODAwMDAwMDAwMDAwfX0=",
          "dependencies": [
            "azurerm_resource_group.manikanta1"
          ]
        }
      ]
    }
  ]
}
