{
  "version": 4,
  "terraform_version": "1.2.3",
  "serial": 35,
  "lineage": "4ddd6f27-d5b4-bd65-ef23-f03b50e1c7bc",
  "outputs": {},
  "resources": [
    {
      "mode": "managed",
      "type": "azurerm_linux_virtual_machine",
      "name": "webvm",
      "provider": "provider[\"registry.terraform.io/hashicorp/azurerm\"]",
      "instances": [
        {
          "schema_version": 0,
          "attributes": {
            "additional_capabilities": [],
            "admin_password": null,
            "admin_ssh_key": [
              {
                "public_key": "ssh-rsa AAAAB3NzaC1yc2EAAAADAQABAAABgQCw266qKEDTNP2dXWvyFfWXzi6imsu0ppS7cwQVk9ps5ojwRsqqBzxdx97EWkls5laxQlvz1G4hiMrfLENRBJymFFlTJsNAZ6MCyK+1uoSxFHaJQ5YYEy+adtgf/3BzWmO3EbRPSy4Lc55CFMTtv447o9B2uPJN4VVPNPle/0QdFMlNY8232XjHk6uWmLHUXSyrmlorSJ+pbBeqiHrq+3mztiDrQfjQAYtW1WePnbTMqofnJ1iB/rgLeto915RSJK8fexPfaMy930UD4ywbIqZ++uThVe1pt3QrEUJgJawvw4PCYMS1fw+5m8zaPfnDXZNo9Z5VKWMcu+pdNxtIq3o9zb1oragxNSwTsnp9lAulTgBhu03cvpSz14pv2NPNR1e7kRrviQahHRWj1xZkuFitxTwFlbf4uOoKaweDl1clyy1sK4oW+CQ3tNbVV3EPtXLVyEErt0FWwCw4FO0iQJO5efHtQi1pgKAH6lvZqXH5f4yjT0kQmwPDVlbrZ++cHxM= dell@DESKTOP-HMQNRP5\r\n",
                "username": "adminuser"
              }
            ],
            "admin_username": "adminuser",
            "allow_extension_operations": true,
            "availability_set_id": "",
            "boot_diagnostics": [],
            "computer_name": "vitual12345",
            "custom_data": null,
            "dedicated_host_group_id": "",
            "dedicated_host_id": "",
            "disable_password_authentication": true,
            "edge_zone": "",
            "encryption_at_host_enabled": false,
            "eviction_policy": "",
            "extensions_time_budget": "PT1H30M",
            "id": "/subscriptions/1d04f666-8de6-473d-8023-68f0396f8187/resourceGroups/vinayaka/providers/Microsoft.Compute/virtualMachines/vitual12345",
            "identity": [],
            "license_type": "",
            "location": "australiaeast",
            "max_bid_price": -1,
            "name": "vitual12345",
            "network_interface_ids": [
              "/subscriptions/1d04f666-8de6-473d-8023-68f0396f8187/resourceGroups/vinayaka/providers/Microsoft.Network/networkInterfaces/iacnic2"
            ],
            "os_disk": [
              {
                "caching": "ReadWrite",
                "diff_disk_settings": [],
                "disk_encryption_set_id": "",
                "disk_size_gb": 30,
                "name": "vitual12345_OsDisk_1_56acde6fa5954544be41fc676fe97273",
                "secure_vm_disk_encryption_set_id": "",
                "security_encryption_type": "",
                "storage_account_type": "Standard_LRS",
                "write_accelerator_enabled": false
              }
            ],
            "patch_mode": "ImageDefault",
            "plan": [],
            "platform_fault_domain": -1,
            "priority": "Regular",
            "private_ip_address": "10.60.1.4",
            "private_ip_addresses": [
              "10.60.1.4"
            ],
            "provision_vm_agent": true,
            "proximity_placement_group_id": "",
            "public_ip_address": "20.213.115.102",
            "public_ip_addresses": [
              "20.213.115.102"
            ],
            "resource_group_name": "vinayaka",
            "secret": [],
            "secure_boot_enabled": false,
            "size": "Standard_B1s",
            "source_image_id": "",
            "source_image_reference": [
              {
                "offer": "Ubuntuserver",
                "publisher": "canonical",
                "sku": "18.04-LTS",
                "version": "latest"
              }
            ],
            "tags": null,
            "termination_notification": null,
            "timeouts": null,
            "user_data": "",
            "virtual_machine_id": "a4378958-6513-4f64-9477-f887a34d677b",
            "virtual_machine_scale_set_id": "",
            "vtpm_enabled": false,
            "zone": ""
          },
          "sensitive_attributes": [],
          "private": "eyJlMmJmYjczMC1lY2FhLTExZTYtOGY4OC0zNDM2M2JjN2M0YzAiOnsiY3JlYXRlIjoyNzAwMDAwMDAwMDAwLCJkZWxldGUiOjI3MDAwMDAwMDAwMDAsInJlYWQiOjMwMDAwMDAwMDAwMCwidXBkYXRlIjoyNzAwMDAwMDAwMDAwfX0=",
          "dependencies": [
            "azurerm_network_interface.IACNIC1",
            "azurerm_public_ip.vinayakapublicip",
            "azurerm_resource_group.manikanta1",
            "azurerm_subnet.websubnet"
          ]
        }
      ]
    },
    {
      "mode": "managed",
      "type": "azurerm_network_interface",
      "name": "IACNIC1",
      "provider": "provider[\"registry.terraform.io/hashicorp/azurerm\"]",
      "instances": [
        {
          "schema_version": 0,
          "attributes": {
            "applied_dns_servers": [],
            "dns_servers": [],
            "edge_zone": "",
            "enable_accelerated_networking": false,
            "enable_ip_forwarding": false,
            "id": "/subscriptions/1d04f666-8de6-473d-8023-68f0396f8187/resourceGroups/vinayaka/providers/Microsoft.Network/networkInterfaces/iacnic2",
            "internal_dns_name_label": "",
            "internal_domain_name_suffix": "5nggbqpjtdgufachm3epbmd4ke.px.internal.cloudapp.net",
            "ip_configuration": [
              {
                "gateway_load_balancer_frontend_ip_configuration_id": "",
                "name": "iacipconfig",
                "primary": true,
                "private_ip_address": "10.60.1.4",
                "private_ip_address_allocation": "Dynamic",
                "private_ip_address_version": "IPv4",
                "public_ip_address_id": "/subscriptions/1d04f666-8de6-473d-8023-68f0396f8187/resourceGroups/vinayaka/providers/Microsoft.Network/publicIPAddresses/iacpublicip",
                "subnet_id": "/subscriptions/1d04f666-8de6-473d-8023-68f0396f8187/resourceGroups/vinayaka/providers/Microsoft.Network/virtualNetworks/vnet1/subnets/naniwebsubnet"
              }
            ],
            "location": "australiaeast",
            "mac_address": "",
            "name": "iacnic2",
            "private_ip_address": "10.60.1.4",
            "private_ip_addresses": [
              "10.60.1.4"
            ],
            "resource_group_name": "vinayaka",
            "tags": null,
            "timeouts": null,
            "virtual_machine_id": ""
          },
          "sensitive_attributes": [],
          "private": "eyJlMmJmYjczMC1lY2FhLTExZTYtOGY4OC0zNDM2M2JjN2M0YzAiOnsiY3JlYXRlIjoxODAwMDAwMDAwMDAwLCJkZWxldGUiOjE4MDAwMDAwMDAwMDAsInJlYWQiOjMwMDAwMDAwMDAwMCwidXBkYXRlIjoxODAwMDAwMDAwMDAwfX0=",
          "dependencies": [
            "azurerm_public_ip.vinayakapublicip",
            "azurerm_resource_group.manikanta1",
            "azurerm_subnet.websubnet"
          ]
        }
      ]
    },
    {
      "mode": "managed",
      "type": "azurerm_public_ip",
      "name": "vinayakapublicip",
      "provider": "provider[\"registry.terraform.io/hashicorp/azurerm\"]",
      "instances": [
        {
          "schema_version": 0,
          "attributes": {
            "allocation_method": "Static",
            "domain_name_label": null,
            "edge_zone": "",
            "fqdn": null,
            "id": "/subscriptions/1d04f666-8de6-473d-8023-68f0396f8187/resourceGroups/vinayaka/providers/Microsoft.Network/publicIPAddresses/iacpublicip",
            "idle_timeout_in_minutes": 4,
            "ip_address": "20.213.115.102",
            "ip_tags": {},
            "ip_version": "IPv4",
            "location": "australiaeast",
            "name": "iacpublicip",
            "public_ip_prefix_id": null,
            "resource_group_name": "vinayaka",
            "reverse_fqdn": null,
            "sku": "Basic",
            "sku_tier": "Regional",
            "tags": {},
            "timeouts": null,
            "zones": []
          },
          "sensitive_attributes": [],
          "private": "eyJlMmJmYjczMC1lY2FhLTExZTYtOGY4OC0zNDM2M2JjN2M0YzAiOnsiY3JlYXRlIjoxODAwMDAwMDAwMDAwLCJkZWxldGUiOjE4MDAwMDAwMDAwMDAsInJlYWQiOjMwMDAwMDAwMDAwMCwidXBkYXRlIjoxODAwMDAwMDAwMDAwfX0=",
          "dependencies": [
            "azurerm_resource_group.manikanta1"
          ]
        }
      ]
    },
    {
      "mode": "managed",
      "type": "azurerm_resource_group",
      "name": "manikanta1",
      "provider": "provider[\"registry.terraform.io/hashicorp/azurerm\"]",
      "instances": [
        {
          "schema_version": 0,
          "attributes": {
            "id": "/subscriptions/1d04f666-8de6-473d-8023-68f0396f8187/resourceGroups/vinayaka",
            "location": "australiaeast",
            "name": "vinayaka",
            "tags": {},
            "timeouts": null
          },
          "sensitive_attributes": [],
          "private": "eyJlMmJmYjczMC1lY2FhLTExZTYtOGY4OC0zNDM2M2JjN2M0YzAiOnsiY3JlYXRlIjo1NDAwMDAwMDAwMDAwLCJkZWxldGUiOjU0MDAwMDAwMDAwMDAsInJlYWQiOjMwMDAwMDAwMDAwMCwidXBkYXRlIjo1NDAwMDAwMDAwMDAwfX0="
        }
      ]
    },
    {
      "mode": "managed",
      "type": "azurerm_subnet",
      "name": "appsubnet",
      "provider": "provider[\"registry.terraform.io/hashicorp/azurerm\"]",
      "instances": [
        {
          "schema_version": 0,
          "attributes": {
            "address_prefixes": [
              "10.60.2.0/24"
            ],
            "delegation": [],
            "enforce_private_link_endpoint_network_policies": false,
            "enforce_private_link_service_network_policies": false,
            "id": "/subscriptions/1d04f666-8de6-473d-8023-68f0396f8187/resourceGroups/vinayaka/providers/Microsoft.Network/virtualNetworks/vnet1/subnets/naniappsubnet",
            "name": "naniappsubnet",
            "resource_group_name": "vinayaka",
            "service_endpoint_policy_ids": [],
            "service_endpoints": [],
            "timeouts": null,
            "virtual_network_name": "vnet1"
          },
          "sensitive_attributes": [],
          "private": "eyJlMmJmYjczMC1lY2FhLTExZTYtOGY4OC0zNDM2M2JjN2M0YzAiOnsiY3JlYXRlIjoxODAwMDAwMDAwMDAwLCJkZWxldGUiOjE4MDAwMDAwMDAwMDAsInJlYWQiOjMwMDAwMDAwMDAwMCwidXBkYXRlIjoxODAwMDAwMDAwMDAwfX0=",
          "dependencies": [
            "azurerm_resource_group.manikanta1",
            "azurerm_virtual_network.vinyaka123"
          ]
        }
      ]
    },
    {
      "mode": "managed",
      "type": "azurerm_subnet",
      "name": "subnet",
      "provider": "provider[\"registry.terraform.io/hashicorp/azurerm\"]",
      "instances": [
        {
          "schema_version": 0,
          "attributes": {
            "address_prefixes": [
              "10.60.3.0/24"
            ],
            "delegation": [],
            "enforce_private_link_endpoint_network_policies": false,
            "enforce_private_link_service_network_policies": false,
            "id": "/subscriptions/1d04f666-8de6-473d-8023-68f0396f8187/resourceGroups/vinayaka/providers/Microsoft.Network/virtualNetworks/vnet1/subnets/nanidbsubnet",
            "name": "nanidbsubnet",
            "resource_group_name": "vinayaka",
            "service_endpoint_policy_ids": [],
            "service_endpoints": [],
            "timeouts": null,
            "virtual_network_name": "vnet1"
          },
          "sensitive_attributes": [],
          "private": "eyJlMmJmYjczMC1lY2FhLTExZTYtOGY4OC0zNDM2M2JjN2M0YzAiOnsiY3JlYXRlIjoxODAwMDAwMDAwMDAwLCJkZWxldGUiOjE4MDAwMDAwMDAwMDAsInJlYWQiOjMwMDAwMDAwMDAwMCwidXBkYXRlIjoxODAwMDAwMDAwMDAwfX0=",
          "dependencies": [
            "azurerm_resource_group.manikanta1",
            "azurerm_virtual_network.vinyaka123"
          ]
        }
      ]
    },
    {
      "mode": "managed",
      "type": "azurerm_subnet",
      "name": "websubnet",
      "provider": "provider[\"registry.terraform.io/hashicorp/azurerm\"]",
      "instances": [
        {
          "schema_version": 0,
          "attributes": {
            "address_prefixes": [
              "10.60.1.0/24"
            ],
            "delegation": [],
            "enforce_private_link_endpoint_network_policies": false,
            "enforce_private_link_service_network_policies": false,
            "id": "/subscriptions/1d04f666-8de6-473d-8023-68f0396f8187/resourceGroups/vinayaka/providers/Microsoft.Network/virtualNetworks/vnet1/subnets/naniwebsubnet",
            "name": "naniwebsubnet",
            "resource_group_name": "vinayaka",
            "service_endpoint_policy_ids": [],
            "service_endpoints": [],
            "timeouts": null,
            "virtual_network_name": "vnet1"
          },
          "sensitive_attributes": [],
          "private": "eyJlMmJmYjczMC1lY2FhLTExZTYtOGY4OC0zNDM2M2JjN2M0YzAiOnsiY3JlYXRlIjoxODAwMDAwMDAwMDAwLCJkZWxldGUiOjE4MDAwMDAwMDAwMDAsInJlYWQiOjMwMDAwMDAwMDAwMCwidXBkYXRlIjoxODAwMDAwMDAwMDAwfX0=",
          "dependencies": [
            "azurerm_resource_group.manikanta1",
            "azurerm_virtual_network.vinyaka123"
          ]
        }
      ]
    },
    {
      "mode": "managed",
      "type": "azurerm_virtual_network",
      "name": "vinyaka123",
      "provider": "provider[\"registry.terraform.io/hashicorp/azurerm\"]",
      "instances": [
        {
          "schema_version": 0,
          "attributes": {
            "address_space": [
              "10.60.0.0/16"
            ],
            "bgp_community": "",
            "ddos_protection_plan": [],
            "dns_servers": [],
            "edge_zone": "",
            "flow_timeout_in_minutes": 0,
            "guid": "c1604cfb-98e9-42cd-8047-6748f0b07e54",
            "id": "/subscriptions/1d04f666-8de6-473d-8023-68f0396f8187/resourceGroups/vinayaka/providers/Microsoft.Network/virtualNetworks/vnet1",
            "location": "australiaeast",
            "name": "vnet1",
            "resource_group_name": "vinayaka",
            "subnet": [
              {
                "address_prefix": "10.60.1.0/24",
                "id": "/subscriptions/1d04f666-8de6-473d-8023-68f0396f8187/resourceGroups/vinayaka/providers/Microsoft.Network/virtualNetworks/vnet1/subnets/naniwebsubnet",
                "name": "naniwebsubnet",
                "security_group": ""
              },
              {
                "address_prefix": "10.60.2.0/24",
                "id": "/subscriptions/1d04f666-8de6-473d-8023-68f0396f8187/resourceGroups/vinayaka/providers/Microsoft.Network/virtualNetworks/vnet1/subnets/naniappsubnet",
                "name": "naniappsubnet",
                "security_group": ""
              },
              {
                "address_prefix": "10.60.3.0/24",
                "id": "/subscriptions/1d04f666-8de6-473d-8023-68f0396f8187/resourceGroups/vinayaka/providers/Microsoft.Network/virtualNetworks/vnet1/subnets/nanidbsubnet",
                "name": "nanidbsubnet",
                "security_group": ""
              }
            ],
            "tags": {},
            "timeouts": null
          },
          "sensitive_attributes": [],
          "private": "eyJlMmJmYjczMC1lY2FhLTExZTYtOGY4OC0zNDM2M2JjN2M0YzAiOnsiY3JlYXRlIjoxODAwMDAwMDAwMDAwLCJkZWxldGUiOjE4MDAwMDAwMDAwMDAsInJlYWQiOjMwMDAwMDAwMDAwMCwidXBkYXRlIjoxODAwMDAwMDAwMDAwfX0=",
          "dependencies": [
            "azurerm_resource_group.manikanta1"
          ]
        }
      ]
    }
  ]
}
